
Microsoft Visual Studio Solution File, Format Version 12.00
# Visual Studio Version 17
VisualStudioVersion = 17.4.33403.182
MinimumVisualStudioVersion = 10.0.40219.1
Project("{FAE04EC0-301F-11D3-BF4B-00C04F79EFBC}") = "AnimationTute", "AnimationTute\AnimationTute.csproj", "{9DA57CCE-B479-4C17-86D3-9639FFE3841F}"
EndProject
Global
	GlobalSection(SolutionConfigurationPlatforms) = preSolution
		Debug|Any CPU = Debug|Any CPU
		Release|Any CPU = Release|Any CPU
	EndGlobalSection
	GlobalSection(ProjectConfigurationPlatforms) = postSolution
		{9DA57CCE-B479-4C17-86D3-9639FFE3841F}.Debug|Any CPU.ActiveCfg = Debug|Any CPU
		{9DA57CCE-B479-4C17-86D3-9639FFE3841F}.Debug|Any CPU.Build.0 = Debug|Any CPU
		{9DA57CCE-B479-4C17-86D3-9639FFE3841F}.Release|Any CPU.ActiveCfg = Release|Any CPU
		{9DA57CCE-B479-4C17-86D3-9639FFE3841F}.Release|Any CPU.Build.0 = Release|Any CPU
	EndGlobalSection
	GlobalSection(SolutionProperties) = preSolution
		HideSolutionNode = FALSE
	EndGlobalSection
	GlobalSection(ExtensibilityGlobals) = postSolution
		SolutionGuid = {B69B2132-15E4-4517-86F6-782CB5AD015F}
	EndGlobalSection
EndGlobal
